
Microsoft Visual Studio Solution File, Format Version 12.00
# Visual Studio Version 16
VisualStudioVersion = 16.0.30804.86
MinimumVisualStudioVersion = 10.0.40219.1
Project("{FAE04EC0-301F-11D3-BF4B-00C04F79EFBC}") = "StockRestfulAPI", "StockRestfulAPI\StockRestfulAPI.csproj", "{19196E47-3122-4FA7-97E3-BB4C7D34FAB3}"
EndProject
Global
	GlobalSection(SolutionConfigurationPlatforms) = preSolution
		Debug|Any CPU = Debug|Any CPU
		Release|Any CPU = Release|Any CPU
	EndGlobalSection
	GlobalSection(ProjectConfigurationPlatforms) = postSolution
		{19196E47-3122-4FA7-97E3-BB4C7D34FAB3}.Debug|Any CPU.ActiveCfg = Debug|Any CPU
		{19196E47-3122-4FA7-97E3-BB4C7D34FAB3}.Debug|Any CPU.Build.0 = Debug|Any CPU
		{19196E47-3122-4FA7-97E3-BB4C7D34FAB3}.Release|Any CPU.ActiveCfg = Release|Any CPU
		{19196E47-3122-4FA7-97E3-BB4C7D34FAB3}.Release|Any CPU.Build.0 = Release|Any CPU
	EndGlobalSection
	GlobalSection(SolutionProperties) = preSolution
		HideSolutionNode = FALSE
	EndGlobalSection
	GlobalSection(ExtensibilityGlobals) = postSolution
		SolutionGuid = {A32C5E3E-0EEF-47DA-82FA-6638EAE5A3CC}
	EndGlobalSection
EndGlobal
